// !$*UTF8*$!
{
	archiveVersion = 1;
	classes = {
	};
	objectVersion = 56;
	objects = {

/* Begin PBXBuildFile section */
		9F95FDCB2953351700DFFD54 /* main.c in Sources */ = {isa = PBXBuildFile; fileRef = 9F95FDC62953351700DFFD54 /* main.c */; };
		9F95FDCC2953351700DFFD54 /* array2d.c in Sources */ = {isa = PBXBuildFile; fileRef = 9F95FDC72953351700DFFD54 /* array2d.c */; };
		9F95FDCD2953351700DFFD54 /* array_int.c in Sources */ = {isa = PBXBuildFile; fileRef = 9F95FDCA2953351700DFFD54 /* array_int.c */; };
		9F95FDD12953413500DFFD54 /* utils.c in Sources */ = {isa = PBXBuildFile; fileRef = 9F95FDD02953413500DFFD54 /* utils.c */; };
/* End PBXBuildFile section */

/* Begin PBXCopyFilesBuildPhase section */
		9F95FDBA295334F600DFFD54 /* CopyFiles */ = {
			isa = PBXCopyFilesBuildPhase;
			buildActionMask = 2147483647;
			dstPath = /usr/share/man/man1/;
			dstSubfolderSpec = 0;
			files = (
			);
			runOnlyForDeploymentPostprocessing = 1;
		};
/* End PBXCopyFilesBuildPhase section */

/* Begin PBXFileReference section */
		9F95FDBC295334F600DFFD54 /* txt2matrix */ = {isa = PBXFileReference; explicitFileType = "compiled.mach-o.executable"; includeInIndex = 0; path = txt2matrix; sourceTree = BUILT_PRODUCTS_DIR; };
		9F95FDC62953351700DFFD54 /* main.c */ = {isa = PBXFileReference; fileEncoding = 4; lastKnownFileType = sourcecode.c.c; path = main.c; sourceTree = "<group>"; };
		9F95FDC72953351700DFFD54 /* array2d.c */ = {isa = PBXFileReference; fileEncoding = 4; lastKnownFileType = sourcecode.c.c; path = array2d.c; sourceTree = "<group>"; };
		9F95FDC82953351700DFFD54 /* array2d.h */ = {isa = PBXFileReference; fileEncoding = 4; lastKnownFileType = sourcecode.c.h; path = array2d.h; sourceTree = "<group>"; };
		9F95FDC92953351700DFFD54 /* array_int.h */ = {isa = PBXFileReference; fileEncoding = 4; lastKnownFileType = sourcecode.c.h; path = array_int.h; sourceTree = "<group>"; };
		9F95FDCA2953351700DFFD54 /* array_int.c */ = {isa = PBXFileReference; fileEncoding = 4; lastKnownFileType = sourcecode.c.c; path = array_int.c; sourceTree = "<group>"; };
		9F95FDCE2953354A00DFFD54 /* matrix.txt */ = {isa = PBXFileReference; fileEncoding = 4; lastKnownFileType = text; path = matrix.txt; sourceTree = "<group>"; };
		9F95FDCF2953413500DFFD54 /* utils.h */ = {isa = PBXFileReference; lastKnownFileType = sourcecode.c.h; path = utils.h; sourceTree = "<group>"; };
		9F95FDD02953413500DFFD54 /* utils.c */ = {isa = PBXFileReference; lastKnownFileType = sourcecode.c.c; path = utils.c; sourceTree = "<group>"; };
		9F95FDD2295345F200DFFD54 /* Sample.png */ = {isa = PBXFileReference; lastKnownFileType = image.png; path = Sample.png; sourceTree = "<group>"; };
/* End PBXFileReference section */

/* Begin PBXFrameworksBuildPhase section */
		9F95FDB9295334F600DFFD54 /* Frameworks */ = {
			isa = PBXFrameworksBuildPhase;
			buildActionMask = 2147483647;
			files = (
			);
			runOnlyForDeploymentPostprocessing = 0;
		};
/* End PBXFrameworksBuildPhase section */

/* Begin PBXGroup section */
		9F95FDB3295334F600DFFD54 = {
			isa = PBXGroup;
			children = (
				9F95FDD2295345F200DFFD54 /* Sample.png */,
				9F95FDCE2953354A00DFFD54 /* matrix.txt */,
				9F95FDBE295334F600DFFD54 /* txt2matrix */,
				9F95FDBD295334F600DFFD54 /* Products */,
			);
			sourceTree = "<group>";
		};
		9F95FDBD295334F600DFFD54 /* Products */ = {
			isa = PBXGroup;
			children = (
				9F95FDBC295334F600DFFD54 /* txt2matrix */,
			);
			name = Products;
			sourceTree = "<group>";
		};
		9F95FDBE295334F600DFFD54 /* txt2matrix */ = {
			isa = PBXGroup;
			children = (
				9F95FDCA2953351700DFFD54 /* array_int.c */,
				9F95FDC92953351700DFFD54 /* array_int.h */,
				9F95FDC72953351700DFFD54 /* array2d.c */,
				9F95FDC82953351700DFFD54 /* array2d.h */,
				9F95FDC62953351700DFFD54 /* main.c */,
				9F95FDCF2953413500DFFD54 /* utils.h */,
				9F95FDD02953413500DFFD54 /* utils.c */,
			);
			path = txt2matrix;
			sourceTree = "<group>";
		};
/* End PBXGroup section */

/* Begin PBXNativeTarget section */
		9F95FDBB295334F600DFFD54 /* txt2matrix */ = {
			isa = PBXNativeTarget;
			buildConfigurationList = 9F95FDC3295334F600DFFD54 /* Build configuration list for PBXNativeTarget "txt2matrix" */;
			buildPhases = (
				9F95FDB8295334F600DFFD54 /* Sources */,
				9F95FDB9295334F600DFFD54 /* Frameworks */,
				9F95FDBA295334F600DFFD54 /* CopyFiles */,
			);
			buildRules = (
			);
			dependencies = (
			);
			name = txt2matrix;
			productName = txt2matrix;
			productReference = 9F95FDBC295334F600DFFD54 /* txt2matrix */;
			productType = "com.apple.product-type.tool";
		};
/* End PBXNativeTarget section */

/* Begin PBXProject section */
		9F95FDB4295334F600DFFD54 /* Project object */ = {
			isa = PBXProject;
			attributes = {
				BuildIndependentTargetsInParallel = 1;
				LastUpgradeCheck = 1410;
				TargetAttributes = {
					9F95FDBB295334F600DFFD54 = {
						CreatedOnToolsVersion = 14.1;
					};
				};
			};
			buildConfigurationList = 9F95FDB7295334F600DFFD54 /* Build configuration list for PBXProject "txt2matrix" */;
			compatibilityVersion = "Xcode 14.0";
			developmentRegion = en;
			hasScannedForEncodings = 0;
			knownRegions = (
				en,
				Base,
			);
			mainGroup = 9F95FDB3295334F600DFFD54;
			productRefGroup = 9F95FDBD295334F600DFFD54 /* Products */;
			projectDirPath = "";
			projectRoot = "";
			targets = (
				9F95FDBB295334F600DFFD54 /* txt2matrix */,
			);
		};
/* End PBXProject section */

/* Begin PBXSourcesBuildPhase section */
		9F95FDB8295334F600DFFD54 /* Sources */ = {
			isa = PBXSourcesBuildPhase;
			buildActionMask = 2147483647;
			files = (
				9F95FDCB2953351700DFFD54 /* main.c in Sources */,
				9F95FDD12953413500DFFD54 /* utils.c in Sources */,
				9F95FDCD2953351700DFFD54 /* array_int.c in Sources */,
				9F95FDCC2953351700DFFD54 /* array2d.c in Sources */,
			);
			runOnlyForDeploymentPostprocessing = 0;
		};
/* End PBXSourcesBuildPhase section */

/* Begin XCBuildConfiguration section */
		9F95FDC1295334F600DFFD54 /* Debug */ = {
			isa = XCBuildConfiguration;
			buildSettings = {
				ALWAYS_SEARCH_USER_PATHS = NO;
				CLANG_ANALYZER_NONNULL = YES;
				CLANG_ANALYZER_NUMBER_OBJECT_CONVERSION = YES_AGGRESSIVE;
				CLANG_CXX_LANGUAGE_STANDARD = "gnu++20";
				CLANG_ENABLE_MODULES = YES;
				CLANG_ENABLE_OBJC_ARC = YES;
				CLANG_ENABLE_OBJC_WEAK = YES;
				CLANG_WARN_BLOCK_CAPTURE_AUTORELEASING = YES;
				CLANG_WARN_BOOL_CONVERSION = YES;
				CLANG_WARN_COMMA = YES;
				CLANG_WARN_CONSTANT_CONVERSION = YES;
				CLANG_WARN_DEPRECATED_OBJC_IMPLEMENTATIONS = YES;
				CLANG_WARN_DIRECT_OBJC_ISA_USAGE = YES_ERROR;
				CLANG_WARN_DOCUMENTATION_COMMENTS = YES;
				CLANG_WARN_EMPTY_BODY = YES;
				CLANG_WARN_ENUM_CONVERSION = YES;
				CLANG_WARN_INFINITE_RECURSION = YES;
				CLANG_WARN_INT_CONVERSION = YES;
				CLANG_WARN_NON_LITERAL_NULL_CONVERSION = YES;
				CLANG_WARN_OBJC_IMPLICIT_RETAIN_SELF = YES;
				CLANG_WARN_OBJC_LITERAL_CONVERSION = YES;
				CLANG_WARN_OBJC_ROOT_CLASS = YES_ERROR;
				CLANG_WARN_QUOTED_INCLUDE_IN_FRAMEWORK_HEADER = YES;
				CLANG_WARN_RANGE_LOOP_ANALYSIS = YES;
				CLANG_WARN_STRICT_PROTOTYPES = YES;
				CLANG_WARN_SUSPICIOUS_MOVE = YES;
				CLANG_WARN_UNGUARDED_AVAILABILITY = YES_AGGRESSIVE;
				CLANG_WARN_UNREACHABLE_CODE = YES;
				CLANG_WARN__DUPLICATE_METHOD_MATCH = YES;
				COPY_PHASE_STRIP = NO;
				DEBUG_INFORMATION_FORMAT = dwarf;
				ENABLE_STRICT_OBJC_MSGSEND = YES;
				ENABLE_TESTABILITY = YES;
				GCC_C_LANGUAGE_STANDARD = gnu11;
				GCC_DYNAMIC_NO_PIC = NO;
				GCC_NO_COMMON_BLOCKS = YES;
				GCC_OPTIMIZATION_LEVEL = 0;
				GCC_PREPROCESSOR_DEFINITIONS = (
					"DEBUG=1",
					"$(inherited)",
				);
				GCC_WARN_64_TO_32_BIT_CONVERSION = YES;
				GCC_WARN_ABOUT_RETURN_TYPE = YES_ERROR;
				GCC_WARN_UNDECLARED_SELECTOR = YES;
				GCC_WARN_UNINITIALIZED_AUTOS = YES_AGGRESSIVE;
				GCC_WARN_UNUSED_FUNCTION = YES;
				GCC_WARN_UNUSED_VARIABLE = YES;
				MACOSX_DEPLOYMENT_TARGET = 13.0;
				MTL_ENABLE_DEBUG_INFO = INCLUDE_SOURCE;
				MTL_FAST_MATH = YES;
				ONLY_ACTIVE_ARCH = YES;
				SDKROOT = macosx;
			};
			name = Debug;
		};
		9F95FDC2295334F600DFFD54 /* Release */ = {
			isa = XCBuildConfiguration;
			buildSettings = {
				ALWAYS_SEARCH_USER_PATHS = NO;
				CLANG_ANALYZER_NONNULL = YES;
				CLANG_ANALYZER_NUMBER_OBJECT_CONVERSION = YES_AGGRESSIVE;
				CLANG_CXX_LANGUAGE_STANDARD = "gnu++20";
				CLANG_ENABLE_MODULES = YES;
				CLANG_ENABLE_OBJC_ARC = YES;
				CLANG_ENABLE_OBJC_WEAK = YES;
				CLANG_WARN_BLOCK_CAPTURE_AUTORELEASING = YES;
				CLANG_WARN_BOOL_CONVERSION = YES;
				CLANG_WARN_COMMA = YES;
				CLANG_WARN_CONSTANT_CONVERSION = YES;
				CLANG_WARN_DEPRECATED_OBJC_IMPLEMENTATIONS = YES;
				CLANG_WARN_DIRECT_OBJC_ISA_USAGE = YES_ERROR;
				CLANG_WARN_DOCUMENTATION_COMMENTS = YES;
				CLANG_WARN_EMPTY_BODY = YES;
				CLANG_WARN_ENUM_CONVERSION = YES;
				CLANG_WARN_INFINITE_RECURSION = YES;
				CLANG_WARN_INT_CONVERSION = YES;
				CLANG_WARN_NON_LITERAL_NULL_CONVERSION = YES;
				CLANG_WARN_OBJC_IMPLICIT_RETAIN_SELF = YES;
				CLANG_WARN_OBJC_LITERAL_CONVERSION = YES;
				CLANG_WARN_OBJC_ROOT_CLASS = YES_ERROR;
				CLANG_WARN_QUOTED_INCLUDE_IN_FRAMEWORK_HEADER = YES;
				CLANG_WARN_RANGE_LOOP_ANALYSIS = YES;
				CLANG_WARN_STRICT_PROTOTYPES = YES;
				CLANG_WARN_SUSPICIOUS_MOVE = YES;
				CLANG_WARN_UNGUARDED_AVAILABILITY = YES_AGGRESSIVE;
				CLANG_WARN_UNREACHABLE_CODE = YES;
				CLANG_WARN__DUPLICATE_METHOD_MATCH = YES;
				COPY_PHASE_STRIP = NO;
				DEBUG_INFORMATION_FORMAT = "dwarf-with-dsym";
				ENABLE_NS_ASSERTIONS = NO;
				ENABLE_STRICT_OBJC_MSGSEND = YES;
				GCC_C_LANGUAGE_STANDARD = gnu11;
				GCC_NO_COMMON_BLOCKS = YES;
				GCC_WARN_64_TO_32_BIT_CONVERSION = YES;
				GCC_WARN_ABOUT_RETURN_TYPE = YES_ERROR;
				GCC_WARN_UNDECLARED_SELECTOR = YES;
				GCC_WARN_UNINITIALIZED_AUTOS = YES_AGGRESSIVE;
				GCC_WARN_UNUSED_FUNCTION = YES;
				GCC_WARN_UNUSED_VARIABLE = YES;
				MACOSX_DEPLOYMENT_TARGET = 13.0;
				MTL_ENABLE_DEBUG_INFO = NO;
				MTL_FAST_MATH = YES;
				SDKROOT = macosx;
			};
			name = Release;
		};
		9F95FDC4295334F600DFFD54 /* Debug */ = {
			isa = XCBuildConfiguration;
			buildSettings = {
				CODE_SIGN_STYLE = Automatic;
				DEVELOPMENT_TEAM = 23969DRST4;
				ENABLE_HARDENED_RUNTIME = YES;
				PRODUCT_NAME = "$(TARGET_NAME)";
			};
			name = Debug;
		};
		9F95FDC5295334F600DFFD54 /* Release */ = {
			isa = XCBuildConfiguration;
			buildSettings = {
				CODE_SIGN_STYLE = Automatic;
				DEVELOPMENT_TEAM = 23969DRST4;
				ENABLE_HARDENED_RUNTIME = YES;
				PRODUCT_NAME = "$(TARGET_NAME)";
			};
			name = Release;
		};
/* End XCBuildConfiguration section */

/* Begin XCConfigurationList section */
		9F95FDB7295334F600DFFD54 /* Build configuration list for PBXProject "txt2matrix" */ = {
			isa = XCConfigurationList;
			buildConfigurations = (
				9F95FDC1295334F600DFFD54 /* Debug */,
				9F95FDC2295334F600DFFD54 /* Release */,
			);
			defaultConfigurationIsVisible = 0;
			defaultConfigurationName = Release;
		};
		9F95FDC3295334F600DFFD54 /* Build configuration list for PBXNativeTarget "txt2matrix" */ = {
			isa = XCConfigurationList;
			buildConfigurations = (
				9F95FDC4295334F600DFFD54 /* Debug */,
				9F95FDC5295334F600DFFD54 /* Release */,
			);
			defaultConfigurationIsVisible = 0;
			defaultConfigurationName = Release;
		};
/* End XCConfigurationList section */
	};
	rootObject = 9F95FDB4295334F600DFFD54 /* Project object */;
}
